
Microsoft Visual Studio Solution File, Format Version 12.00
# Visual Studio Version 17
VisualStudioVersion = 17.9.34616.47
MinimumVisualStudioVersion = 10.0.40219.1
Project("{FAE04EC0-301F-11D3-BF4B-00C04F79EFBC}") = "trinhbay", "trinhbay\trinhbay.csproj", "{82C37E4E-27A1-42C5-A990-CDA4C2B8F99D}"
EndProject
Global
	GlobalSection(SolutionConfigurationPlatforms) = preSolution
		Debug|Any CPU = Debug|Any CPU
		Release|Any CPU = Release|Any CPU
	EndGlobalSection
	GlobalSection(ProjectConfigurationPlatforms) = postSolution
		{82C37E4E-27A1-42C5-A990-CDA4C2B8F99D}.Debug|Any CPU.ActiveCfg = Debug|Any CPU
		{82C37E4E-27A1-42C5-A990-CDA4C2B8F99D}.Debug|Any CPU.Build.0 = Debug|Any CPU
		{82C37E4E-27A1-42C5-A990-CDA4C2B8F99D}.Release|Any CPU.ActiveCfg = Release|Any CPU
		{82C37E4E-27A1-42C5-A990-CDA4C2B8F99D}.Release|Any CPU.Build.0 = Release|Any CPU
	EndGlobalSection
	GlobalSection(SolutionProperties) = preSolution
		HideSolutionNode = FALSE
	EndGlobalSection
	GlobalSection(ExtensibilityGlobals) = postSolution
		SolutionGuid = {C5600F2B-C173-4766-A92B-1B6F71DA1867}
	EndGlobalSection
EndGlobal
